
Microsoft Visual Studio Solution File, Format Version 12.00
# Visual Studio Version 17
VisualStudioVersion = 17.9.34902.65
MinimumVisualStudioVersion = 10.0.40219.1
Project("{FAE04EC0-301F-11D3-BF4B-00C04F79EFBC}") = "DD_FootwearAPI", "DD_FootwearAPI.csproj", "{89214E3E-C684-46E0-8608-BCB6C90DDF86}"
EndProject
Global
	GlobalSection(SolutionConfigurationPlatforms) = preSolution
		Debug|Any CPU = Debug|Any CPU
		Release|Any CPU = Release|Any CPU
	EndGlobalSection
	GlobalSection(ProjectConfigurationPlatforms) = postSolution
		{89214E3E-C684-46E0-8608-BCB6C90DDF86}.Debug|Any CPU.ActiveCfg = Debug|Any CPU
		{89214E3E-C684-46E0-8608-BCB6C90DDF86}.Debug|Any CPU.Build.0 = Debug|Any CPU
		{89214E3E-C684-46E0-8608-BCB6C90DDF86}.Release|Any CPU.ActiveCfg = Release|Any CPU
		{89214E3E-C684-46E0-8608-BCB6C90DDF86}.Release|Any CPU.Build.0 = Release|Any CPU
	EndGlobalSection
	GlobalSection(SolutionProperties) = preSolution
		HideSolutionNode = FALSE
	EndGlobalSection
	GlobalSection(ExtensibilityGlobals) = postSolution
		SolutionGuid = {52D8F31A-64AE-49D0-9ECA-3F54BFCFCF8D}
	EndGlobalSection
EndGlobal
